
Microsoft Visual Studio Solution File, Format Version 12.00
# Visual Studio Version 16
VisualStudioVersion = 16.0.29230.61
MinimumVisualStudioVersion = 10.0.40219.1
Project("{9A19103F-16F7-4668-BE54-9A1E7A4F7556}") = "MoneyExperiment", "MoneyExperiment\MoneyExperiment.csproj", "{05412DC7-961A-443D-9535-25F518B5FF8A}"
EndProject
Project("{9A19103F-16F7-4668-BE54-9A1E7A4F7556}") = "MoneyExperiment.Tests", "MoneyExperiment.Tests\MoneyExperiment.Tests.csproj", "{8B9E04FD-B823-4CD3-98F3-BEFB64984651}"
EndProject
Project("{9A19103F-16F7-4668-BE54-9A1E7A4F7556}") = "Information", "Information.csproj", "{37277B9D-ED9B-4BD5-A864-501F4B85FA1F}"
EndProject
Project("{54435603-DBB4-11D2-8724-00A0C9A8B90C}") = "MoneyExperiment.Setup", "MoneyExperiment.Setup\MoneyExperiment.Setup.vdproj", "{B2EF2758-8D1E-4C66-BF89-54DD3A1C27AB}"
EndProject
Global
	GlobalSection(SolutionConfigurationPlatforms) = preSolution
		Debug|Any CPU = Debug|Any CPU
		Release|Any CPU = Release|Any CPU
	EndGlobalSection
	GlobalSection(ProjectConfigurationPlatforms) = postSolution
		{05412DC7-961A-443D-9535-25F518B5FF8A}.Debug|Any CPU.ActiveCfg = Debug|Any CPU
		{05412DC7-961A-443D-9535-25F518B5FF8A}.Debug|Any CPU.Build.0 = Debug|Any CPU
		{05412DC7-961A-443D-9535-25F518B5FF8A}.Release|Any CPU.ActiveCfg = Release|Any CPU
		{05412DC7-961A-443D-9535-25F518B5FF8A}.Release|Any CPU.Build.0 = Release|Any CPU
		{8B9E04FD-B823-4CD3-98F3-BEFB64984651}.Debug|Any CPU.ActiveCfg = Debug|Any CPU
		{8B9E04FD-B823-4CD3-98F3-BEFB64984651}.Debug|Any CPU.Build.0 = Debug|Any CPU
		{8B9E04FD-B823-4CD3-98F3-BEFB64984651}.Release|Any CPU.ActiveCfg = Release|Any CPU
		{8B9E04FD-B823-4CD3-98F3-BEFB64984651}.Release|Any CPU.Build.0 = Release|Any CPU
		{37277B9D-ED9B-4BD5-A864-501F4B85FA1F}.Debug|Any CPU.ActiveCfg = Debug|Any CPU
		{37277B9D-ED9B-4BD5-A864-501F4B85FA1F}.Debug|Any CPU.Build.0 = Debug|Any CPU
		{37277B9D-ED9B-4BD5-A864-501F4B85FA1F}.Release|Any CPU.ActiveCfg = Release|Any CPU
		{37277B9D-ED9B-4BD5-A864-501F4B85FA1F}.Release|Any CPU.Build.0 = Release|Any CPU
		{B2EF2758-8D1E-4C66-BF89-54DD3A1C27AB}.Debug|Any CPU.ActiveCfg = Debug
		{B2EF2758-8D1E-4C66-BF89-54DD3A1C27AB}.Release|Any CPU.ActiveCfg = Release
	EndGlobalSection
	GlobalSection(SolutionProperties) = preSolution
		HideSolutionNode = FALSE
	EndGlobalSection
	GlobalSection(ExtensibilityGlobals) = postSolution
		SolutionGuid = {D2B6956D-EBF7-4564-B58D-11327762E409}
	EndGlobalSection
EndGlobal
